
Microsoft Visual Studio Solution File, Format Version 12.00
# Visual Studio Express 2012 for Web
Project("{FAE04EC0-301F-11D3-BF4B-00C04F79EFBC}") = "Soft.Livraria", "Soft.Livraria\Soft.Livraria.csproj", "{545E07B2-7960-4585-874F-594D80633D9D}"
EndProject
Global
	GlobalSection(SolutionConfigurationPlatforms) = preSolution
		Debug|Any CPU = Debug|Any CPU
		Release|Any CPU = Release|Any CPU
	EndGlobalSection
	GlobalSection(ProjectConfigurationPlatforms) = postSolution
		{545E07B2-7960-4585-874F-594D80633D9D}.Debug|Any CPU.ActiveCfg = Debug|Any CPU
		{545E07B2-7960-4585-874F-594D80633D9D}.Debug|Any CPU.Build.0 = Debug|Any CPU
		{545E07B2-7960-4585-874F-594D80633D9D}.Release|Any CPU.ActiveCfg = Release|Any CPU
		{545E07B2-7960-4585-874F-594D80633D9D}.Release|Any CPU.Build.0 = Release|Any CPU
	EndGlobalSection
	GlobalSection(SolutionProperties) = preSolution
		HideSolutionNode = FALSE
	EndGlobalSection
EndGlobal
