
Microsoft Visual Studio Solution File, Format Version 12.00
# Visual Studio Express 2012 for Web
Project("{FAE04EC0-301F-11D3-BF4B-00C04F79EFBC}") = "Soft.WebApi", "Soft.WebApi\Soft.WebApi.csproj", "{D0F7D761-FD52-42BC-A9C3-5EA5EDA99B59}"
EndProject
Project("{FAE04EC0-301F-11D3-BF4B-00C04F79EFBC}") = "Soft.Models", "Soft.Models\Soft.Models.csproj", "{14A184A7-A798-42ED-9BA7-EB8DBFDC67C8}"
EndProject
Global
	GlobalSection(SolutionConfigurationPlatforms) = preSolution
		Debug|Any CPU = Debug|Any CPU
		Release|Any CPU = Release|Any CPU
	EndGlobalSection
	GlobalSection(ProjectConfigurationPlatforms) = postSolution
		{D0F7D761-FD52-42BC-A9C3-5EA5EDA99B59}.Debug|Any CPU.ActiveCfg = Debug|Any CPU
		{D0F7D761-FD52-42BC-A9C3-5EA5EDA99B59}.Debug|Any CPU.Build.0 = Debug|Any CPU
		{D0F7D761-FD52-42BC-A9C3-5EA5EDA99B59}.Release|Any CPU.ActiveCfg = Release|Any CPU
		{D0F7D761-FD52-42BC-A9C3-5EA5EDA99B59}.Release|Any CPU.Build.0 = Release|Any CPU
		{14A184A7-A798-42ED-9BA7-EB8DBFDC67C8}.Debug|Any CPU.ActiveCfg = Debug|Any CPU
		{14A184A7-A798-42ED-9BA7-EB8DBFDC67C8}.Debug|Any CPU.Build.0 = Debug|Any CPU
		{14A184A7-A798-42ED-9BA7-EB8DBFDC67C8}.Release|Any CPU.ActiveCfg = Release|Any CPU
		{14A184A7-A798-42ED-9BA7-EB8DBFDC67C8}.Release|Any CPU.Build.0 = Release|Any CPU
	EndGlobalSection
	GlobalSection(SolutionProperties) = preSolution
		HideSolutionNode = FALSE
	EndGlobalSection
EndGlobal
